// !$*UTF8*$!
{
	archiveVersion = 1;
	classes = {
	};
	objectVersion = 56;
	objects = {

/* Begin PBXBuildFile section */
		C80DEC24295E7556007E487D /* AppDelegate.swift in Sources */ = {isa = PBXBuildFile; fileRef = C80DEC23295E7556007E487D /* AppDelegate.swift */; };
		C80DEC26295E7556007E487D /* SceneDelegate.swift in Sources */ = {isa = PBXBuildFile; fileRef = C80DEC25295E7556007E487D /* SceneDelegate.swift */; };
		C80DEC28295E7556007E487D /* PhotosViewController.swift in Sources */ = {isa = PBXBuildFile; fileRef = C80DEC27295E7556007E487D /* PhotosViewController.swift */; };
		C80DEC2B295E7556007E487D /* Main.storyboard in Resources */ = {isa = PBXBuildFile; fileRef = C80DEC29295E7556007E487D /* Main.storyboard */; };
		C80DEC2D295E755A007E487D /* Assets.xcassets in Resources */ = {isa = PBXBuildFile; fileRef = C80DEC2C295E755A007E487D /* Assets.xcassets */; };
		C80DEC30295E755A007E487D /* LaunchScreen.storyboard in Resources */ = {isa = PBXBuildFile; fileRef = C80DEC2E295E755A007E487D /* LaunchScreen.storyboard */; };
		C80DEC3B295E755A007E487D /* UICollectionViewTests.swift in Sources */ = {isa = PBXBuildFile; fileRef = C80DEC3A295E755A007E487D /* UICollectionViewTests.swift */; };
		C80DEC45295E755B007E487D /* UICollectionViewUITests.swift in Sources */ = {isa = PBXBuildFile; fileRef = C80DEC44295E755B007E487D /* UICollectionViewUITests.swift */; };
		C80DEC47295E755B007E487D /* UICollectionViewUITestsLaunchTests.swift in Sources */ = {isa = PBXBuildFile; fileRef = C80DEC46295E755B007E487D /* UICollectionViewUITestsLaunchTests.swift */; };
		C80DEC54295E9C8E007E487D /* Photo.swift in Sources */ = {isa = PBXBuildFile; fileRef = C80DEC53295E9C8E007E487D /* Photo.swift */; };
		C80DEC56295E9D0A007E487D /* FlickrAPI.swift in Sources */ = {isa = PBXBuildFile; fileRef = C80DEC55295E9D0A007E487D /* FlickrAPI.swift */; };
		C80DEC58295EA00E007E487D /* PhotoStore.swift in Sources */ = {isa = PBXBuildFile; fileRef = C80DEC57295EA00E007E487D /* PhotoStore.swift */; };
		C80DEC5A295F847B007E487D /* PhotoDataSource.swift in Sources */ = {isa = PBXBuildFile; fileRef = C80DEC59295F847B007E487D /* PhotoDataSource.swift */; };
		C80DEC5C295F8890007E487D /* PhotoCollectionViewCell.swift in Sources */ = {isa = PBXBuildFile; fileRef = C80DEC5B295F8890007E487D /* PhotoCollectionViewCell.swift */; };
/* End PBXBuildFile section */

/* Begin PBXContainerItemProxy section */
		C80DEC37295E755A007E487D /* PBXContainerItemProxy */ = {
			isa = PBXContainerItemProxy;
			containerPortal = C80DEC18295E7556007E487D /* Project object */;
			proxyType = 1;
			remoteGlobalIDString = C80DEC1F295E7556007E487D;
			remoteInfo = UICollectionView;
		};
		C80DEC41295E755A007E487D /* PBXContainerItemProxy */ = {
			isa = PBXContainerItemProxy;
			containerPortal = C80DEC18295E7556007E487D /* Project object */;
			proxyType = 1;
			remoteGlobalIDString = C80DEC1F295E7556007E487D;
			remoteInfo = UICollectionView;
		};
/* End PBXContainerItemProxy section */

/* Begin PBXFileReference section */
		C80DEC20295E7556007E487D /* UICollectionView.app */ = {isa = PBXFileReference; explicitFileType = wrapper.application; includeInIndex = 0; path = UICollectionView.app; sourceTree = BUILT_PRODUCTS_DIR; };
		C80DEC23295E7556007E487D /* AppDelegate.swift */ = {isa = PBXFileReference; lastKnownFileType = sourcecode.swift; path = AppDelegate.swift; sourceTree = "<group>"; };
		C80DEC25295E7556007E487D /* SceneDelegate.swift */ = {isa = PBXFileReference; lastKnownFileType = sourcecode.swift; path = SceneDelegate.swift; sourceTree = "<group>"; };
		C80DEC27295E7556007E487D /* PhotosViewController.swift */ = {isa = PBXFileReference; lastKnownFileType = sourcecode.swift; path = PhotosViewController.swift; sourceTree = "<group>"; };
		C80DEC2A295E7556007E487D /* Base */ = {isa = PBXFileReference; lastKnownFileType = file.storyboard; name = Base; path = Base.lproj/Main.storyboard; sourceTree = "<group>"; };
		C80DEC2C295E755A007E487D /* Assets.xcassets */ = {isa = PBXFileReference; lastKnownFileType = folder.assetcatalog; path = Assets.xcassets; sourceTree = "<group>"; };
		C80DEC2F295E755A007E487D /* Base */ = {isa = PBXFileReference; lastKnownFileType = file.storyboard; name = Base; path = Base.lproj/LaunchScreen.storyboard; sourceTree = "<group>"; };
		C80DEC31295E755A007E487D /* Info.plist */ = {isa = PBXFileReference; lastKnownFileType = text.plist.xml; path = Info.plist; sourceTree = "<group>"; };
		C80DEC36295E755A007E487D /* UICollectionViewTests.xctest */ = {isa = PBXFileReference; explicitFileType = wrapper.cfbundle; includeInIndex = 0; path = UICollectionViewTests.xctest; sourceTree = BUILT_PRODUCTS_DIR; };
		C80DEC3A295E755A007E487D /* UICollectionViewTests.swift */ = {isa = PBXFileReference; lastKnownFileType = sourcecode.swift; path = UICollectionViewTests.swift; sourceTree = "<group>"; };
		C80DEC40295E755A007E487D /* UICollectionViewUITests.xctest */ = {isa = PBXFileReference; explicitFileType = wrapper.cfbundle; includeInIndex = 0; path = UICollectionViewUITests.xctest; sourceTree = BUILT_PRODUCTS_DIR; };
		C80DEC44295E755B007E487D /* UICollectionViewUITests.swift */ = {isa = PBXFileReference; lastKnownFileType = sourcecode.swift; path = UICollectionViewUITests.swift; sourceTree = "<group>"; };
		C80DEC46295E755B007E487D /* UICollectionViewUITestsLaunchTests.swift */ = {isa = PBXFileReference; lastKnownFileType = sourcecode.swift; path = UICollectionViewUITestsLaunchTests.swift; sourceTree = "<group>"; };
		C80DEC53295E9C8E007E487D /* Photo.swift */ = {isa = PBXFileReference; lastKnownFileType = sourcecode.swift; path = Photo.swift; sourceTree = "<group>"; };
		C80DEC55295E9D0A007E487D /* FlickrAPI.swift */ = {isa = PBXFileReference; lastKnownFileType = sourcecode.swift; path = FlickrAPI.swift; sourceTree = "<group>"; };
		C80DEC57295EA00E007E487D /* PhotoStore.swift */ = {isa = PBXFileReference; lastKnownFileType = sourcecode.swift; path = PhotoStore.swift; sourceTree = "<group>"; };
		C80DEC59295F847B007E487D /* PhotoDataSource.swift */ = {isa = PBXFileReference; lastKnownFileType = sourcecode.swift; path = PhotoDataSource.swift; sourceTree = "<group>"; };
		C80DEC5B295F8890007E487D /* PhotoCollectionViewCell.swift */ = {isa = PBXFileReference; lastKnownFileType = sourcecode.swift; path = PhotoCollectionViewCell.swift; sourceTree = "<group>"; };
/* End PBXFileReference section */

/* Begin PBXFrameworksBuildPhase section */
		C80DEC1D295E7556007E487D /* Frameworks */ = {
			isa = PBXFrameworksBuildPhase;
			buildActionMask = 2147483647;
			files = (
			);
			runOnlyForDeploymentPostprocessing = 0;
		};
		C80DEC33295E755A007E487D /* Frameworks */ = {
			isa = PBXFrameworksBuildPhase;
			buildActionMask = 2147483647;
			files = (
			);
			runOnlyForDeploymentPostprocessing = 0;
		};
		C80DEC3D295E755A007E487D /* Frameworks */ = {
			isa = PBXFrameworksBuildPhase;
			buildActionMask = 2147483647;
			files = (
			);
			runOnlyForDeploymentPostprocessing = 0;
		};
/* End PBXFrameworksBuildPhase section */

/* Begin PBXGroup section */
		C80DEC17295E7556007E487D = {
			isa = PBXGroup;
			children = (
				C80DEC22295E7556007E487D /* UICollectionView */,
				C80DEC39295E755A007E487D /* UICollectionViewTests */,
				C80DEC43295E755A007E487D /* UICollectionViewUITests */,
				C80DEC21295E7556007E487D /* Products */,
			);
			sourceTree = "<group>";
		};
		C80DEC21295E7556007E487D /* Products */ = {
			isa = PBXGroup;
			children = (
				C80DEC20295E7556007E487D /* UICollectionView.app */,
				C80DEC36295E755A007E487D /* UICollectionViewTests.xctest */,
				C80DEC40295E755A007E487D /* UICollectionViewUITests.xctest */,
			);
			name = Products;
			sourceTree = "<group>";
		};
		C80DEC22295E7556007E487D /* UICollectionView */ = {
			isa = PBXGroup;
			children = (
				C80DEC23295E7556007E487D /* AppDelegate.swift */,
				C80DEC25295E7556007E487D /* SceneDelegate.swift */,
				C80DEC27295E7556007E487D /* PhotosViewController.swift */,
				C80DEC53295E9C8E007E487D /* Photo.swift */,
				C80DEC55295E9D0A007E487D /* FlickrAPI.swift */,
				C80DEC57295EA00E007E487D /* PhotoStore.swift */,
				C80DEC29295E7556007E487D /* Main.storyboard */,
				C80DEC5B295F8890007E487D /* PhotoCollectionViewCell.swift */,
				C80DEC59295F847B007E487D /* PhotoDataSource.swift */,
				C80DEC2C295E755A007E487D /* Assets.xcassets */,
				C80DEC2E295E755A007E487D /* LaunchScreen.storyboard */,
				C80DEC31295E755A007E487D /* Info.plist */,
			);
			path = UICollectionView;
			sourceTree = "<group>";
		};
		C80DEC39295E755A007E487D /* UICollectionViewTests */ = {
			isa = PBXGroup;
			children = (
				C80DEC3A295E755A007E487D /* UICollectionViewTests.swift */,
			);
			path = UICollectionViewTests;
			sourceTree = "<group>";
		};
		C80DEC43295E755A007E487D /* UICollectionViewUITests */ = {
			isa = PBXGroup;
			children = (
				C80DEC44295E755B007E487D /* UICollectionViewUITests.swift */,
				C80DEC46295E755B007E487D /* UICollectionViewUITestsLaunchTests.swift */,
			);
			path = UICollectionViewUITests;
			sourceTree = "<group>";
		};
/* End PBXGroup section */

/* Begin PBXNativeTarget section */
		C80DEC1F295E7556007E487D /* UICollectionView */ = {
			isa = PBXNativeTarget;
			buildConfigurationList = C80DEC4A295E755B007E487D /* Build configuration list for PBXNativeTarget "UICollectionView" */;
			buildPhases = (
				C80DEC1C295E7556007E487D /* Sources */,
				C80DEC1D295E7556007E487D /* Frameworks */,
				C80DEC1E295E7556007E487D /* Resources */,
			);
			buildRules = (
			);
			dependencies = (
			);
			name = UICollectionView;
			productName = UICollectionView;
			productReference = C80DEC20295E7556007E487D /* UICollectionView.app */;
			productType = "com.apple.product-type.application";
		};
		C80DEC35295E755A007E487D /* UICollectionViewTests */ = {
			isa = PBXNativeTarget;
			buildConfigurationList = C80DEC4D295E755B007E487D /* Build configuration list for PBXNativeTarget "UICollectionViewTests" */;
			buildPhases = (
				C80DEC32295E755A007E487D /* Sources */,
				C80DEC33295E755A007E487D /* Frameworks */,
				C80DEC34295E755A007E487D /* Resources */,
			);
			buildRules = (
			);
			dependencies = (
				C80DEC38295E755A007E487D /* PBXTargetDependency */,
			);
			name = UICollectionViewTests;
			productName = UICollectionViewTests;
			productReference = C80DEC36295E755A007E487D /* UICollectionViewTests.xctest */;
			productType = "com.apple.product-type.bundle.unit-test";
		};
		C80DEC3F295E755A007E487D /* UICollectionViewUITests */ = {
			isa = PBXNativeTarget;
			buildConfigurationList = C80DEC50295E755B007E487D /* Build configuration list for PBXNativeTarget "UICollectionViewUITests" */;
			buildPhases = (
				C80DEC3C295E755A007E487D /* Sources */,
				C80DEC3D295E755A007E487D /* Frameworks */,
				C80DEC3E295E755A007E487D /* Resources */,
			);
			buildRules = (
			);
			dependencies = (
				C80DEC42295E755A007E487D /* PBXTargetDependency */,
			);
			name = UICollectionViewUITests;
			productName = UICollectionViewUITests;
			productReference = C80DEC40295E755A007E487D /* UICollectionViewUITests.xctest */;
			productType = "com.apple.product-type.bundle.ui-testing";
		};
/* End PBXNativeTarget section */

/* Begin PBXProject section */
		C80DEC18295E7556007E487D /* Project object */ = {
			isa = PBXProject;
			attributes = {
				BuildIndependentTargetsInParallel = 1;
				LastSwiftUpdateCheck = 1420;
				LastUpgradeCheck = 1420;
				TargetAttributes = {
					C80DEC1F295E7556007E487D = {
						CreatedOnToolsVersion = 14.2;
					};
					C80DEC35295E755A007E487D = {
						CreatedOnToolsVersion = 14.2;
						TestTargetID = C80DEC1F295E7556007E487D;
					};
					C80DEC3F295E755A007E487D = {
						CreatedOnToolsVersion = 14.2;
						TestTargetID = C80DEC1F295E7556007E487D;
					};
				};
			};
			buildConfigurationList = C80DEC1B295E7556007E487D /* Build configuration list for PBXProject "UICollectionView" */;
			compatibilityVersion = "Xcode 14.0";
			developmentRegion = en;
			hasScannedForEncodings = 0;
			knownRegions = (
				en,
				Base,
			);
			mainGroup = C80DEC17295E7556007E487D;
			productRefGroup = C80DEC21295E7556007E487D /* Products */;
			projectDirPath = "";
			projectRoot = "";
			targets = (
				C80DEC1F295E7556007E487D /* UICollectionView */,
				C80DEC35295E755A007E487D /* UICollectionViewTests */,
				C80DEC3F295E755A007E487D /* UICollectionViewUITests */,
			);
		};
/* End PBXProject section */

/* Begin PBXResourcesBuildPhase section */
		C80DEC1E295E7556007E487D /* Resources */ = {
			isa = PBXResourcesBuildPhase;
			buildActionMask = 2147483647;
			files = (
				C80DEC30295E755A007E487D /* LaunchScreen.storyboard in Resources */,
				C80DEC2D295E755A007E487D /* Assets.xcassets in Resources */,
				C80DEC2B295E7556007E487D /* Main.storyboard in Resources */,
			);
			runOnlyForDeploymentPostprocessing = 0;
		};
		C80DEC34295E755A007E487D /* Resources */ = {
			isa = PBXResourcesBuildPhase;
			buildActionMask = 2147483647;
			files = (
			);
			runOnlyForDeploymentPostprocessing = 0;
		};
		C80DEC3E295E755A007E487D /* Resources */ = {
			isa = PBXResourcesBuildPhase;
			buildActionMask = 2147483647;
			files = (
			);
			runOnlyForDeploymentPostprocessing = 0;
		};
/* End PBXResourcesBuildPhase section */

/* Begin PBXSourcesBuildPhase section */
		C80DEC1C295E7556007E487D /* Sources */ = {
			isa = PBXSourcesBuildPhase;
			buildActionMask = 2147483647;
			files = (
				C80DEC54295E9C8E007E487D /* Photo.swift in Sources */,
				C80DEC5C295F8890007E487D /* PhotoCollectionViewCell.swift in Sources */,
				C80DEC5A295F847B007E487D /* PhotoDataSource.swift in Sources */,
				C80DEC28295E7556007E487D /* PhotosViewController.swift in Sources */,
				C80DEC24295E7556007E487D /* AppDelegate.swift in Sources */,
				C80DEC26295E7556007E487D /* SceneDelegate.swift in Sources */,
				C80DEC58295EA00E007E487D /* PhotoStore.swift in Sources */,
				C80DEC56295E9D0A007E487D /* FlickrAPI.swift in Sources */,
			);
			runOnlyForDeploymentPostprocessing = 0;
		};
		C80DEC32295E755A007E487D /* Sources */ = {
			isa = PBXSourcesBuildPhase;
			buildActionMask = 2147483647;
			files = (
				C80DEC3B295E755A007E487D /* UICollectionViewTests.swift in Sources */,
			);
			runOnlyForDeploymentPostprocessing = 0;
		};
		C80DEC3C295E755A007E487D /* Sources */ = {
			isa = PBXSourcesBuildPhase;
			buildActionMask = 2147483647;
			files = (
				C80DEC45295E755B007E487D /* UICollectionViewUITests.swift in Sources */,
				C80DEC47295E755B007E487D /* UICollectionViewUITestsLaunchTests.swift in Sources */,
			);
			runOnlyForDeploymentPostprocessing = 0;
		};
/* End PBXSourcesBuildPhase section */

/* Begin PBXTargetDependency section */
		C80DEC38295E755A007E487D /* PBXTargetDependency */ = {
			isa = PBXTargetDependency;
			target = C80DEC1F295E7556007E487D /* UICollectionView */;
			targetProxy = C80DEC37295E755A007E487D /* PBXContainerItemProxy */;
		};
		C80DEC42295E755A007E487D /* PBXTargetDependency */ = {
			isa = PBXTargetDependency;
			target = C80DEC1F295E7556007E487D /* UICollectionView */;
			targetProxy = C80DEC41295E755A007E487D /* PBXContainerItemProxy */;
		};
/* End PBXTargetDependency section */

/* Begin PBXVariantGroup section */
		C80DEC29295E7556007E487D /* Main.storyboard */ = {
			isa = PBXVariantGroup;
			children = (
				C80DEC2A295E7556007E487D /* Base */,
			);
			name = Main.storyboard;
			sourceTree = "<group>";
		};
		C80DEC2E295E755A007E487D /* LaunchScreen.storyboard */ = {
			isa = PBXVariantGroup;
			children = (
				C80DEC2F295E755A007E487D /* Base */,
			);
			name = LaunchScreen.storyboard;
			sourceTree = "<group>";
		};
/* End PBXVariantGroup section */

/* Begin XCBuildConfiguration section */
		C80DEC48295E755B007E487D /* Debug */ = {
			isa = XCBuildConfiguration;
			buildSettings = {
				ALWAYS_SEARCH_USER_PATHS = NO;
				CLANG_ANALYZER_NONNULL = YES;
				CLANG_ANALYZER_NUMBER_OBJECT_CONVERSION = YES_AGGRESSIVE;
				CLANG_CXX_LANGUAGE_STANDARD = "gnu++20";
				CLANG_ENABLE_MODULES = YES;
				CLANG_ENABLE_OBJC_ARC = YES;
				CLANG_ENABLE_OBJC_WEAK = YES;
				CLANG_WARN_BLOCK_CAPTURE_AUTORELEASING = YES;
				CLANG_WARN_BOOL_CONVERSION = YES;
				CLANG_WARN_COMMA = YES;
				CLANG_WARN_CONSTANT_CONVERSION = YES;
				CLANG_WARN_DEPRECATED_OBJC_IMPLEMENTATIONS = YES;
				CLANG_WARN_DIRECT_OBJC_ISA_USAGE = YES_ERROR;
				CLANG_WARN_DOCUMENTATION_COMMENTS = YES;
				CLANG_WARN_EMPTY_BODY = YES;
				CLANG_WARN_ENUM_CONVERSION = YES;
				CLANG_WARN_INFINITE_RECURSION = YES;
				CLANG_WARN_INT_CONVERSION = YES;
				CLANG_WARN_NON_LITERAL_NULL_CONVERSION = YES;
				CLANG_WARN_OBJC_IMPLICIT_RETAIN_SELF = YES;
				CLANG_WARN_OBJC_LITERAL_CONVERSION = YES;
				CLANG_WARN_OBJC_ROOT_CLASS = YES_ERROR;
				CLANG_WARN_QUOTED_INCLUDE_IN_FRAMEWORK_HEADER = YES;
				CLANG_WARN_RANGE_LOOP_ANALYSIS = YES;
				CLANG_WARN_STRICT_PROTOTYPES = YES;
				CLANG_WARN_SUSPICIOUS_MOVE = YES;
				CLANG_WARN_UNGUARDED_AVAILABILITY = YES_AGGRESSIVE;
				CLANG_WARN_UNREACHABLE_CODE = YES;
				CLANG_WARN__DUPLICATE_METHOD_MATCH = YES;
				COPY_PHASE_STRIP = NO;
				DEBUG_INFORMATION_FORMAT = dwarf;
				ENABLE_STRICT_OBJC_MSGSEND = YES;
				ENABLE_TESTABILITY = YES;
				GCC_C_LANGUAGE_STANDARD = gnu11;
				GCC_DYNAMIC_NO_PIC = NO;
				GCC_NO_COMMON_BLOCKS = YES;
				GCC_OPTIMIZATION_LEVEL = 0;
				GCC_PREPROCESSOR_DEFINITIONS = (
					"DEBUG=1",
					"$(inherited)",
				);
				GCC_WARN_64_TO_32_BIT_CONVERSION = YES;
				GCC_WARN_ABOUT_RETURN_TYPE = YES_ERROR;
				GCC_WARN_UNDECLARED_SELECTOR = YES;
				GCC_WARN_UNINITIALIZED_AUTOS = YES_AGGRESSIVE;
				GCC_WARN_UNUSED_FUNCTION = YES;
				GCC_WARN_UNUSED_VARIABLE = YES;
				IPHONEOS_DEPLOYMENT_TARGET = 16.2;
				MTL_ENABLE_DEBUG_INFO = INCLUDE_SOURCE;
				MTL_FAST_MATH = YES;
				ONLY_ACTIVE_ARCH = YES;
				SDKROOT = iphoneos;
				SWIFT_ACTIVE_COMPILATION_CONDITIONS = DEBUG;
				SWIFT_OPTIMIZATION_LEVEL = "-Onone";
			};
			name = Debug;
		};
		C80DEC49295E755B007E487D /* Release */ = {
			isa = XCBuildConfiguration;
			buildSettings = {
				ALWAYS_SEARCH_USER_PATHS = NO;
				CLANG_ANALYZER_NONNULL = YES;
				CLANG_ANALYZER_NUMBER_OBJECT_CONVERSION = YES_AGGRESSIVE;
				CLANG_CXX_LANGUAGE_STANDARD = "gnu++20";
				CLANG_ENABLE_MODULES = YES;
				CLANG_ENABLE_OBJC_ARC = YES;
				CLANG_ENABLE_OBJC_WEAK = YES;
				CLANG_WARN_BLOCK_CAPTURE_AUTORELEASING = YES;
				CLANG_WARN_BOOL_CONVERSION = YES;
				CLANG_WARN_COMMA = YES;
				CLANG_WARN_CONSTANT_CONVERSION = YES;
				CLANG_WARN_DEPRECATED_OBJC_IMPLEMENTATIONS = YES;
				CLANG_WARN_DIRECT_OBJC_ISA_USAGE = YES_ERROR;
				CLANG_WARN_DOCUMENTATION_COMMENTS = YES;
				CLANG_WARN_EMPTY_BODY = YES;
				CLANG_WARN_ENUM_CONVERSION = YES;
				CLANG_WARN_INFINITE_RECURSION = YES;
				CLANG_WARN_INT_CONVERSION = YES;
				CLANG_WARN_NON_LITERAL_NULL_CONVERSION = YES;
				CLANG_WARN_OBJC_IMPLICIT_RETAIN_SELF = YES;
				CLANG_WARN_OBJC_LITERAL_CONVERSION = YES;
				CLANG_WARN_OBJC_ROOT_CLASS = YES_ERROR;
				CLANG_WARN_QUOTED_INCLUDE_IN_FRAMEWORK_HEADER = YES;
				CLANG_WARN_RANGE_LOOP_ANALYSIS = YES;
				CLANG_WARN_STRICT_PROTOTYPES = YES;
				CLANG_WARN_SUSPICIOUS_MOVE = YES;
				CLANG_WARN_UNGUARDED_AVAILABILITY = YES_AGGRESSIVE;
				CLANG_WARN_UNREACHABLE_CODE = YES;
				CLANG_WARN__DUPLICATE_METHOD_MATCH = YES;
				COPY_PHASE_STRIP = NO;
				DEBUG_INFORMATION_FORMAT = "dwarf-with-dsym";
				ENABLE_NS_ASSERTIONS = NO;
				ENABLE_STRICT_OBJC_MSGSEND = YES;
				GCC_C_LANGUAGE_STANDARD = gnu11;
				GCC_NO_COMMON_BLOCKS = YES;
				GCC_WARN_64_TO_32_BIT_CONVERSION = YES;
				GCC_WARN_ABOUT_RETURN_TYPE = YES_ERROR;
				GCC_WARN_UNDECLARED_SELECTOR = YES;
				GCC_WARN_UNINITIALIZED_AUTOS = YES_AGGRESSIVE;
				GCC_WARN_UNUSED_FUNCTION = YES;
				GCC_WARN_UNUSED_VARIABLE = YES;
				IPHONEOS_DEPLOYMENT_TARGET = 16.2;
				MTL_ENABLE_DEBUG_INFO = NO;
				MTL_FAST_MATH = YES;
				SDKROOT = iphoneos;
				SWIFT_COMPILATION_MODE = wholemodule;
				SWIFT_OPTIMIZATION_LEVEL = "-O";
				VALIDATE_PRODUCT = YES;
			};
			name = Release;
		};
		C80DEC4B295E755B007E487D /* Debug */ = {
			isa = XCBuildConfiguration;
			buildSettings = {
				ASSETCATALOG_COMPILER_APPICON_NAME = AppIcon;
				ASSETCATALOG_COMPILER_GLOBAL_ACCENT_COLOR_NAME = AccentColor;
				CODE_SIGN_STYLE = Automatic;
				CURRENT_PROJECT_VERSION = 1;
				DEVELOPMENT_TEAM = 8WYZ782KW5;
				GENERATE_INFOPLIST_FILE = YES;
				INFOPLIST_FILE = UICollectionView/Info.plist;
				INFOPLIST_KEY_UIApplicationSupportsIndirectInputEvents = YES;
				INFOPLIST_KEY_UILaunchStoryboardName = LaunchScreen;
				INFOPLIST_KEY_UIMainStoryboardFile = Main;
				INFOPLIST_KEY_UISupportedInterfaceOrientations_iPad = "UIInterfaceOrientationPortrait UIInterfaceOrientationPortraitUpsideDown UIInterfaceOrientationLandscapeLeft UIInterfaceOrientationLandscapeRight";
				INFOPLIST_KEY_UISupportedInterfaceOrientations_iPhone = "UIInterfaceOrientationPortrait UIInterfaceOrientationLandscapeLeft UIInterfaceOrientationLandscapeRight";
				IPHONEOS_DEPLOYMENT_TARGET = 16.0;
				LD_RUNPATH_SEARCH_PATHS = (
					"$(inherited)",
					"@executable_path/Frameworks",
				);
				MARKETING_VERSION = 1.0;
				PRODUCT_BUNDLE_IDENTIFIER = io.tianbo.UICollectionView;
				PRODUCT_NAME = "$(TARGET_NAME)";
				SWIFT_EMIT_LOC_STRINGS = YES;
				SWIFT_VERSION = 5.0;
				TARGETED_DEVICE_FAMILY = "1,2";
			};
			name = Debug;
		};
		C80DEC4C295E755B007E487D /* Release */ = {
			isa = XCBuildConfiguration;
			buildSettings = {
				ASSETCATALOG_COMPILER_APPICON_NAME = AppIcon;
				ASSETCATALOG_COMPILER_GLOBAL_ACCENT_COLOR_NAME = AccentColor;
				CODE_SIGN_STYLE = Automatic;
				CURRENT_PROJECT_VERSION = 1;
				DEVELOPMENT_TEAM = 8WYZ782KW5;
				GENERATE_INFOPLIST_FILE = YES;
				INFOPLIST_FILE = UICollectionView/Info.plist;
				INFOPLIST_KEY_UIApplicationSupportsIndirectInputEvents = YES;
				INFOPLIST_KEY_UILaunchStoryboardName = LaunchScreen;
				INFOPLIST_KEY_UIMainStoryboardFile = Main;
				INFOPLIST_KEY_UISupportedInterfaceOrientations_iPad = "UIInterfaceOrientationPortrait UIInterfaceOrientationPortraitUpsideDown UIInterfaceOrientationLandscapeLeft UIInterfaceOrientationLandscapeRight";
				INFOPLIST_KEY_UISupportedInterfaceOrientations_iPhone = "UIInterfaceOrientationPortrait UIInterfaceOrientationLandscapeLeft UIInterfaceOrientationLandscapeRight";
				IPHONEOS_DEPLOYMENT_TARGET = 16.0;
				LD_RUNPATH_SEARCH_PATHS = (
					"$(inherited)",
					"@executable_path/Frameworks",
				);
				MARKETING_VERSION = 1.0;
				PRODUCT_BUNDLE_IDENTIFIER = io.tianbo.UICollectionView;
				PRODUCT_NAME = "$(TARGET_NAME)";
				SWIFT_EMIT_LOC_STRINGS = YES;
				SWIFT_VERSION = 5.0;
				TARGETED_DEVICE_FAMILY = "1,2";
			};
			name = Release;
		};
		C80DEC4E295E755B007E487D /* Debug */ = {
			isa = XCBuildConfiguration;
			buildSettings = {
				ALWAYS_EMBED_SWIFT_STANDARD_LIBRARIES = YES;
				BUNDLE_LOADER = "$(TEST_HOST)";
				CODE_SIGN_STYLE = Automatic;
				CURRENT_PROJECT_VERSION = 1;
				DEVELOPMENT_TEAM = 8WYZ782KW5;
				GENERATE_INFOPLIST_FILE = YES;
				IPHONEOS_DEPLOYMENT_TARGET = 16.2;
				MARKETING_VERSION = 1.0;
				PRODUCT_BUNDLE_IDENTIFIER = io.tianbo.UICollectionViewTests;
				PRODUCT_NAME = "$(TARGET_NAME)";
				SWIFT_EMIT_LOC_STRINGS = NO;
				SWIFT_VERSION = 5.0;
				TARGETED_DEVICE_FAMILY = "1,2";
				TEST_HOST = "$(BUILT_PRODUCTS_DIR)/UICollectionView.app/$(BUNDLE_EXECUTABLE_FOLDER_PATH)/UICollectionView";
			};
			name = Debug;
		};
		C80DEC4F295E755B007E487D /* Release */ = {
			isa = XCBuildConfiguration;
			buildSettings = {
				ALWAYS_EMBED_SWIFT_STANDARD_LIBRARIES = YES;
				BUNDLE_LOADER = "$(TEST_HOST)";
				CODE_SIGN_STYLE = Automatic;
				CURRENT_PROJECT_VERSION = 1;
				DEVELOPMENT_TEAM = 8WYZ782KW5;
				GENERATE_INFOPLIST_FILE = YES;
				IPHONEOS_DEPLOYMENT_TARGET = 16.2;
				MARKETING_VERSION = 1.0;
				PRODUCT_BUNDLE_IDENTIFIER = io.tianbo.UICollectionViewTests;
				PRODUCT_NAME = "$(TARGET_NAME)";
				SWIFT_EMIT_LOC_STRINGS = NO;
				SWIFT_VERSION = 5.0;
				TARGETED_DEVICE_FAMILY = "1,2";
				TEST_HOST = "$(BUILT_PRODUCTS_DIR)/UICollectionView.app/$(BUNDLE_EXECUTABLE_FOLDER_PATH)/UICollectionView";
			};
			name = Release;
		};
		C80DEC51295E755B007E487D /* Debug */ = {
			isa = XCBuildConfiguration;
			buildSettings = {
				ALWAYS_EMBED_SWIFT_STANDARD_LIBRARIES = YES;
				CODE_SIGN_STYLE = Automatic;
				CURRENT_PROJECT_VERSION = 1;
				DEVELOPMENT_TEAM = 8WYZ782KW5;
				GENERATE_INFOPLIST_FILE = YES;
				MARKETING_VERSION = 1.0;
				PRODUCT_BUNDLE_IDENTIFIER = io.tianbo.UICollectionViewUITests;
				PRODUCT_NAME = "$(TARGET_NAME)";
				SWIFT_EMIT_LOC_STRINGS = NO;
				SWIFT_VERSION = 5.0;
				TARGETED_DEVICE_FAMILY = "1,2";
				TEST_TARGET_NAME = UICollectionView;
			};
			name = Debug;
		};
		C80DEC52295E755B007E487D /* Release */ = {
			isa = XCBuildConfiguration;
			buildSettings = {
				ALWAYS_EMBED_SWIFT_STANDARD_LIBRARIES = YES;
				CODE_SIGN_STYLE = Automatic;
				CURRENT_PROJECT_VERSION = 1;
				DEVELOPMENT_TEAM = 8WYZ782KW5;
				GENERATE_INFOPLIST_FILE = YES;
				MARKETING_VERSION = 1.0;
				PRODUCT_BUNDLE_IDENTIFIER = io.tianbo.UICollectionViewUITests;
				PRODUCT_NAME = "$(TARGET_NAME)";
				SWIFT_EMIT_LOC_STRINGS = NO;
				SWIFT_VERSION = 5.0;
				TARGETED_DEVICE_FAMILY = "1,2";
				TEST_TARGET_NAME = UICollectionView;
			};
			name = Release;
		};
/* End XCBuildConfiguration section */

/* Begin XCConfigurationList section */
		C80DEC1B295E7556007E487D /* Build configuration list for PBXProject "UICollectionView" */ = {
			isa = XCConfigurationList;
			buildConfigurations = (
				C80DEC48295E755B007E487D /* Debug */,
				C80DEC49295E755B007E487D /* Release */,
			);
			defaultConfigurationIsVisible = 0;
			defaultConfigurationName = Release;
		};
		C80DEC4A295E755B007E487D /* Build configuration list for PBXNativeTarget "UICollectionView" */ = {
			isa = XCConfigurationList;
			buildConfigurations = (
				C80DEC4B295E755B007E487D /* Debug */,
				C80DEC4C295E755B007E487D /* Release */,
			);
			defaultConfigurationIsVisible = 0;
			defaultConfigurationName = Release;
		};
		C80DEC4D295E755B007E487D /* Build configuration list for PBXNativeTarget "UICollectionViewTests" */ = {
			isa = XCConfigurationList;
			buildConfigurations = (
				C80DEC4E295E755B007E487D /* Debug */,
				C80DEC4F295E755B007E487D /* Release */,
			);
			defaultConfigurationIsVisible = 0;
			defaultConfigurationName = Release;
		};
		C80DEC50295E755B007E487D /* Build configuration list for PBXNativeTarget "UICollectionViewUITests" */ = {
			isa = XCConfigurationList;
			buildConfigurations = (
				C80DEC51295E755B007E487D /* Debug */,
				C80DEC52295E755B007E487D /* Release */,
			);
			defaultConfigurationIsVisible = 0;
			defaultConfigurationName = Release;
		};
/* End XCConfigurationList section */
	};
	rootObject = C80DEC18295E7556007E487D /* Project object */;
}
